
Microsoft Visual Studio Solution File, Format Version 12.00
# Visual Studio 15
VisualStudioVersion = 15.0.27130.2036
MinimumVisualStudioVersion = 10.0.40219.1
Project("{9A19103F-16F7-4668-BE54-9A1E7A4F7556}") = "WebApplication4", "WebApplication4\WebApplication4.csproj", "{93FB30D4-48F2-49BF-BBC1-4DA49A0337B0}"
EndProject
Project("{9A19103F-16F7-4668-BE54-9A1E7A4F7556}") = "WebApplication4_core", "WebApplication4_core\WebApplication4_core.csproj", "{602D98F8-29CF-4688-9522-05E6795D51B8}"
EndProject
Project("{FAE04EC0-301F-11D3-BF4B-00C04F79EFBC}") = "TaskTesteing", "TaskTesteing\TaskTesteing.csproj", "{08149191-24E7-4372-A1D1-BB72D4353CA4}"
EndProject
Global
	GlobalSection(SolutionConfigurationPlatforms) = preSolution
		Debug|Any CPU = Debug|Any CPU
		Release|Any CPU = Release|Any CPU
	EndGlobalSection
	GlobalSection(ProjectConfigurationPlatforms) = postSolution
		{93FB30D4-48F2-49BF-BBC1-4DA49A0337B0}.Debug|Any CPU.ActiveCfg = Debug|Any CPU
		{93FB30D4-48F2-49BF-BBC1-4DA49A0337B0}.Debug|Any CPU.Build.0 = Debug|Any CPU
		{93FB30D4-48F2-49BF-BBC1-4DA49A0337B0}.Release|Any CPU.ActiveCfg = Release|Any CPU
		{93FB30D4-48F2-49BF-BBC1-4DA49A0337B0}.Release|Any CPU.Build.0 = Release|Any CPU
		{602D98F8-29CF-4688-9522-05E6795D51B8}.Debug|Any CPU.ActiveCfg = Debug|Any CPU
		{602D98F8-29CF-4688-9522-05E6795D51B8}.Debug|Any CPU.Build.0 = Debug|Any CPU
		{602D98F8-29CF-4688-9522-05E6795D51B8}.Release|Any CPU.ActiveCfg = Release|Any CPU
		{602D98F8-29CF-4688-9522-05E6795D51B8}.Release|Any CPU.Build.0 = Release|Any CPU
		{08149191-24E7-4372-A1D1-BB72D4353CA4}.Debug|Any CPU.ActiveCfg = Debug|Any CPU
		{08149191-24E7-4372-A1D1-BB72D4353CA4}.Debug|Any CPU.Build.0 = Debug|Any CPU
		{08149191-24E7-4372-A1D1-BB72D4353CA4}.Release|Any CPU.ActiveCfg = Release|Any CPU
		{08149191-24E7-4372-A1D1-BB72D4353CA4}.Release|Any CPU.Build.0 = Release|Any CPU
	EndGlobalSection
	GlobalSection(SolutionProperties) = preSolution
		HideSolutionNode = FALSE
	EndGlobalSection
	GlobalSection(ExtensibilityGlobals) = postSolution
		SolutionGuid = {ABA87F0D-4812-4F60-BD1C-C70EC826EA8A}
	EndGlobalSection
EndGlobal
